
Microsoft Visual Studio Solution File, Format Version 12.00
# Visual Studio Version 17
VisualStudioVersion = 17.6.33723.286
MinimumVisualStudioVersion = 10.0.40219.1
Project("{FAE04EC0-301F-11D3-BF4B-00C04F79EFBC}") = "CarService.App", "CarService.App\CarService.App.csproj", "{39A98A9B-9DDE-4EAA-90C6-CF8352DA1104}"
EndProject
Global
	GlobalSection(SolutionConfigurationPlatforms) = preSolution
		Debug|Any CPU = Debug|Any CPU
		Release|Any CPU = Release|Any CPU
	EndGlobalSection
	GlobalSection(ProjectConfigurationPlatforms) = postSolution
		{39A98A9B-9DDE-4EAA-90C6-CF8352DA1104}.Debug|Any CPU.ActiveCfg = Debug|Any CPU
		{39A98A9B-9DDE-4EAA-90C6-CF8352DA1104}.Debug|Any CPU.Build.0 = Debug|Any CPU
		{39A98A9B-9DDE-4EAA-90C6-CF8352DA1104}.Release|Any CPU.ActiveCfg = Release|Any CPU
		{39A98A9B-9DDE-4EAA-90C6-CF8352DA1104}.Release|Any CPU.Build.0 = Release|Any CPU
	EndGlobalSection
	GlobalSection(SolutionProperties) = preSolution
		HideSolutionNode = FALSE
	EndGlobalSection
	GlobalSection(ExtensibilityGlobals) = postSolution
		SolutionGuid = {C5D83CB3-ACAC-4754-9734-A21DCCFD61BA}
	EndGlobalSection
EndGlobal
